
Microsoft Visual Studio Solution File, Format Version 11.00
# Visual Studio 2010
Project("{FAE04EC0-301F-11D3-BF4B-00C04F79EFBC}") = "Manee.INV", "Manee.INV\Manee.INV.csproj", "{EA9DAF32-8CD8-4A75-93FF-D7A97A085913}"
EndProject
Project("{FAE04EC0-301F-11D3-BF4B-00C04F79EFBC}") = "Manee.INV.Tests", "Manee.INV.Tests\Manee.INV.Tests.csproj", "{94D8BACF-7C72-4A38-84E6-4E070674CFAB}"
EndProject
Project("{FAE04EC0-301F-11D3-BF4B-00C04F79EFBC}") = "DAL", "DAL\DAL.csproj", "{B938AA8C-102F-4746-A8FC-0B2FB0B7328D}"
EndProject
Global
	GlobalSection(SolutionConfigurationPlatforms) = preSolution
		Debug|Any CPU = Debug|Any CPU
		Release|Any CPU = Release|Any CPU
	EndGlobalSection
	GlobalSection(ProjectConfigurationPlatforms) = postSolution
		{EA9DAF32-8CD8-4A75-93FF-D7A97A085913}.Debug|Any CPU.ActiveCfg = Debug|Any CPU
		{EA9DAF32-8CD8-4A75-93FF-D7A97A085913}.Debug|Any CPU.Build.0 = Debug|Any CPU
		{EA9DAF32-8CD8-4A75-93FF-D7A97A085913}.Release|Any CPU.ActiveCfg = Release|Any CPU
		{EA9DAF32-8CD8-4A75-93FF-D7A97A085913}.Release|Any CPU.Build.0 = Release|Any CPU
		{94D8BACF-7C72-4A38-84E6-4E070674CFAB}.Debug|Any CPU.ActiveCfg = Debug|Any CPU
		{94D8BACF-7C72-4A38-84E6-4E070674CFAB}.Debug|Any CPU.Build.0 = Debug|Any CPU
		{94D8BACF-7C72-4A38-84E6-4E070674CFAB}.Release|Any CPU.ActiveCfg = Release|Any CPU
		{94D8BACF-7C72-4A38-84E6-4E070674CFAB}.Release|Any CPU.Build.0 = Release|Any CPU
		{B938AA8C-102F-4746-A8FC-0B2FB0B7328D}.Debug|Any CPU.ActiveCfg = Debug|Any CPU
		{B938AA8C-102F-4746-A8FC-0B2FB0B7328D}.Debug|Any CPU.Build.0 = Debug|Any CPU
		{B938AA8C-102F-4746-A8FC-0B2FB0B7328D}.Release|Any CPU.ActiveCfg = Release|Any CPU
		{B938AA8C-102F-4746-A8FC-0B2FB0B7328D}.Release|Any CPU.Build.0 = Release|Any CPU
	EndGlobalSection
	GlobalSection(SolutionProperties) = preSolution
		HideSolutionNode = FALSE
	EndGlobalSection
EndGlobal
